{
  "name": "ts-template",
  "lockfileVersion": 2,
  "requires": true,
  "packages": {
    "": {
      "devDependencies": {
        "@b2broker/tsconfig": "^1.0.3",
        "prettier": "^2.3.2"
      }
    },
    "node_modules/@b2broker/tsconfig": {
      "version": "1.0.3",
      "resolved": "https://registry.npmjs.org/@b2broker/tsconfig/-/tsconfig-1.0.3.tgz",
      "integrity": "sha512-j8tK6/KXBQI6F+FSHEpXNl3gfmyj4Odrlw3amGP5SStQayLCR7mtysPfGWvL6OKssZXHPpMnA4F5ZypqEk7udQ==",
      "dev": true,
      "engines": {
        "node": ">=14.15.0",
        "npm": ">=6.14.8"
      }
    },
    "node_modules/prettier": {
      "version": "2.3.2",
      "resolved": "https://registry.npmjs.org/prettier/-/prettier-2.3.2.tgz",
      "integrity": "sha512-lnJzDfJ66zkMy58OL5/NY5zp70S7Nz6KqcKkXYzn2tMVrNxvbqaBpg7H3qHaLxCJ5lNMsGuM8+ohS7cZrthdLQ==",
      "dev": true,
      "bin": {
        "prettier": "bin-prettier.js"
      },
      "engines": {
        "node": ">=10.13.0"
      }
    }
  },
  "dependencies": {
    "@b2broker/tsconfig": {
      "version": "1.0.3",
      "resolved": "https://registry.npmjs.org/@b2broker/tsconfig/-/tsconfig-1.0.3.tgz",
      "integrity": "sha512-j8tK6/KXBQI6F+FSHEpXNl3gfmyj4Odrlw3amGP5SStQayLCR7mtysPfGWvL6OKssZXHPpMnA4F5ZypqEk7udQ==",
      "dev": true
    },
    "prettier": {
      "version": "2.3.2",
      "resolved": "https://registry.npmjs.org/prettier/-/prettier-2.3.2.tgz",
      "integrity": "sha512-lnJzDfJ66zkMy58OL5/NY5zp70S7Nz6KqcKkXYzn2tMVrNxvbqaBpg7H3qHaLxCJ5lNMsGuM8+ohS7cZrthdLQ==",
      "dev": true
    }
  }
}
