{
  "name": "ts-template",
  "lockfileVersion": 2,
  "requires": true,
  "packages": {
    "": {
      "devDependencies": {
        "@b2broker/tsconfig": "^1.0.3"
      }
    },
    "node_modules/@b2broker/tsconfig": {
      "version": "1.0.3",
      "resolved": "https://registry.npmjs.org/@b2broker/tsconfig/-/tsconfig-1.0.3.tgz",
      "integrity": "sha512-j8tK6/KXBQI6F+FSHEpXNl3gfmyj4Odrlw3amGP5SStQayLCR7mtysPfGWvL6OKssZXHPpMnA4F5ZypqEk7udQ==",
      "dev": true,
      "engines": {
        "node": ">=14.15.0",
        "npm": ">=6.14.8"
      }
    }
  },
  "dependencies": {
    "@b2broker/tsconfig": {
      "version": "1.0.3",
      "resolved": "https://registry.npmjs.org/@b2broker/tsconfig/-/tsconfig-1.0.3.tgz",
      "integrity": "sha512-j8tK6/KXBQI6F+FSHEpXNl3gfmyj4Odrlw3amGP5SStQayLCR7mtysPfGWvL6OKssZXHPpMnA4F5ZypqEk7udQ==",
      "dev": true
    }
  }
}
